
Microsoft Visual Studio Solution File, Format Version 12.00
# Visual Studio Version 17
VisualStudioVersion = 17.9.34902.65
MinimumVisualStudioVersion = 10.0.40219.1
Project("{FAE04EC0-301F-11D3-BF4B-00C04F79EFBC}") = "Arac_Kullanimlari", "Arac_Kullanimlari\Arac_Kullanimlari.csproj", "{8239EA75-46B2-44F9-994A-E5BA86AD6448}"
EndProject
Project("{FAE04EC0-301F-11D3-BF4B-00C04F79EFBC}") = "DegiskenlerOld", "Degiskenler\DegiskenlerOld.csproj", "{C40DDDA6-CD8B-4CC6-A66E-E330C1FD9D1A}"
EndProject
Project("{FAE04EC0-301F-11D3-BF4B-00C04F79EFBC}") = "KararYapilariOld", "KararYapilari\KararYapilariOld.csproj", "{66876FD1-D56B-4129-91C4-9A9C85BE66F5}"
EndProject
Project("{2150E333-8FDC-42A3-9474-1A3956D46DE8}") = "Araç Kullanımları", "Araç Kullanımları", "{6525717E-707D-4568-B881-2F03FCBC5BA2}"
EndProject
Project("{FAE04EC0-301F-11D3-BF4B-00C04F79EFBC}") = "LabelAndTextBox", "LabelAndTextBox\LabelAndTextBox.csproj", "{88E3FC53-05E4-4A32-919B-9835E1BF948E}"
EndProject
Project("{FAE04EC0-301F-11D3-BF4B-00C04F79EFBC}") = "ComboboxAndListBox", "ComboBoxAndListBox\ComboboxAndListBox.csproj", "{A7C7E006-FCF3-4934-9526-5E465CDA3C1D}"
EndProject
Project("{2150E333-8FDC-42A3-9474-1A3956D46DE8}") = "Döngüler", "Döngüler", "{927AAD8E-426C-439C-B51A-5431A8482256}"
EndProject
Project("{FAE04EC0-301F-11D3-BF4B-00C04F79EFBC}") = "ForDongusu", "ForDongusu\ForDongusu.csproj", "{571983A5-E927-43C1-A498-C52CADACC74F}"
EndProject
Project("{FAE04EC0-301F-11D3-BF4B-00C04F79EFBC}") = "DonguPratikleri", "DonguPratikleri\DonguPratikleri.csproj", "{4743C035-D0B6-4D3E-9F3D-008DBC127273}"
EndProject
Project("{FAE04EC0-301F-11D3-BF4B-00C04F79EFBC}") = "DonguPratikleri2", "DonguPratikleri2\DonguPratikleri2.csproj", "{A8947190-6629-407A-A950-F4E9453BA30B}"
EndProject
Project("{FAE04EC0-301F-11D3-BF4B-00C04F79EFBC}") = "WhileDongusu", "WhileDongusu\WhileDongusu.csproj", "{4F269416-7EEE-4D3E-9813-553D3A07164E}"
EndProject
Project("{FAE04EC0-301F-11D3-BF4B-00C04F79EFBC}") = "DoWhileDongusu", "DoWhileDongusu\DoWhileDongusu.csproj", "{37D255D9-9F7A-4684-8763-AA1BD09EA1F9}"
EndProject
Project("{FAE04EC0-301F-11D3-BF4B-00C04F79EFBC}") = "Timer", "Timer\Timer.csproj", "{5D2BE765-F45F-4B3C-8D66-5DDDB96E971C}"
EndProject
Project("{FAE04EC0-301F-11D3-BF4B-00C04F79EFBC}") = "TimerExample", "TimerExample\TimerExample.csproj", "{1A296067-049B-4179-92B7-EF1D4641D1E5}"
EndProject
Project("{FAE04EC0-301F-11D3-BF4B-00C04F79EFBC}") = "TimerSaat", "TimerSaat\TimerSaat.csproj", "{C833098C-6469-47A8-AC8C-302D55C06CFF}"
EndProject
Project("{FAE04EC0-301F-11D3-BF4B-00C04F79EFBC}") = "ProgressBar", "ProgressBar\ProgressBar.csproj", "{56B26FB6-40F0-4CC0-8C46-8E759C26FE42}"
EndProject
Project("{FAE04EC0-301F-11D3-BF4B-00C04F79EFBC}") = "PastaPisirmeSurecUygulaması", "PastaPisirmeSurecUygulaması\PastaPisirmeSurecUygulaması.csproj", "{AC32B4CB-054C-49C7-8970-8BFD04429E41}"
EndProject
Project("{2150E333-8FDC-42A3-9474-1A3956D46DE8}") = "Diziler", "Diziler", "{A403024E-5FAE-433C-8BCC-A498403D0FDC}"
EndProject
Project("{FAE04EC0-301F-11D3-BF4B-00C04F79EFBC}") = "Diziler", "Diziler\Diziler.csproj", "{C75D5BE6-2C4B-43BB-A766-1E216F35C54C}"
EndProject
Project("{FAE04EC0-301F-11D3-BF4B-00C04F79EFBC}") = "DiziElemaniYazdir", "DiziElemaniYazdir\DiziElemaniYazdir.csproj", "{528AC379-673E-4BB9-8C87-48FC4C926C35}"
EndProject
Project("{FAE04EC0-301F-11D3-BF4B-00C04F79EFBC}") = "ForEach", "ForEach\ForEach.csproj", "{5F1CF9E0-29E2-4732-9831-1F17A837B3F4}"
EndProject
Project("{FAE04EC0-301F-11D3-BF4B-00C04F79EFBC}") = "Metot", "Metotlar\Metot.csproj", "{833B4283-CCBB-4A06-ACAC-18F1350A8791}"
EndProject
Project("{2150E333-8FDC-42A3-9474-1A3956D46DE8}") = "Metotlar", "Metotlar", "{E9D6E1B9-3787-4715-9A45-3475280F5D35}"
EndProject
Project("{FAE04EC0-301F-11D3-BF4B-00C04F79EFBC}") = "ReturnMethod", "ReturnMethod\ReturnMethod.csproj", "{58A22BE5-DBAA-41E7-A39F-4B3781C60216}"
EndProject
Project("{FAE04EC0-301F-11D3-BF4B-00C04F79EFBC}") = "UcusRezarvasyon", "UcusRezarvasyon\UcusRezarvasyon.csproj", "{2FEC0D4C-CC67-4AE0-B30E-861B2F563669}"
EndProject
Project("{2150E333-8FDC-42A3-9474-1A3956D46DE8}") = "Sınıflar", "Sınıflar", "{62BAAB93-1F6C-48C6-B59A-8990B1A2D41A}"
EndProject
Project("{FAE04EC0-301F-11D3-BF4B-00C04F79EFBC}") = "SınıfOrnek", "SınıfOrnek\SınıfOrnek.csproj", "{27D76A20-3A4A-47C1-8B1D-EB3FE4D9B0DE}"
EndProject
Project("{FAE04EC0-301F-11D3-BF4B-00C04F79EFBC}") = "Tanitim", "Tanitim\Tanitim.csproj", "{0F0A0B34-FFCA-4F13-ABDA-23B2E5342114}"
EndProject
Project("{2150E333-8FDC-42A3-9474-1A3956D46DE8}") = "Degiskenler", "Degiskenler", "{5E8D91A4-E502-452D-8FDB-90A5D6033B6A}"
EndProject
Project("{2150E333-8FDC-42A3-9474-1A3956D46DE8}") = "KararYapilari", "KararYapilari", "{05A8E2CD-755B-42DE-8993-01FBC8C790E8}"
EndProject
Project("{2150E333-8FDC-42A3-9474-1A3956D46DE8}") = "ExtraAraçlar", "ExtraAraçlar", "{BCDD5FF4-0B5B-4FB2-B6C5-23ED73913450}"
EndProject
Project("{FAE04EC0-301F-11D3-BF4B-00C04F79EFBC}") = "MenuStrip", "MenuStrip\MenuStrip.csproj", "{67111736-AFC0-4ED3-B9A7-FA5494387E88}"
EndProject
Project("{FAE04EC0-301F-11D3-BF4B-00C04F79EFBC}") = "ChartGrafik", "ChartGrafik\ChartGrafik.csproj", "{8267A7DD-938E-4002-881C-90C333E1F51D}"
EndProject
Project("{FAE04EC0-301F-11D3-BF4B-00C04F79EFBC}") = "ContextMenuStrip", "ContextMenuStrip\ContextMenuStrip.csproj", "{113D6E16-FB1E-4C65-9C3E-A8C95E1F2E78}"
EndProject
Project("{2150E333-8FDC-42A3-9474-1A3956D46DE8}") = "ExtraYapılar", "ExtraYapılar", "{958AE895-AC6E-4B52-82F5-65EAB36C83D3}"
EndProject
Project("{FAE04EC0-301F-11D3-BF4B-00C04F79EFBC}") = "RandomTanitim", "RandomTanitim\RandomTanitim.csproj", "{B2C261FC-E872-4BBF-AA42-70318221A279}"
EndProject
Project("{FAE04EC0-301F-11D3-BF4B-00C04F79EFBC}") = "SayisalLoto", "SayisalLoto\SayisalLoto.csproj", "{33CE5C50-97E2-461C-8383-9FA3A178906D}"
EndProject
Project("{FAE04EC0-301F-11D3-BF4B-00C04F79EFBC}") = "Captcha", "Captcha\Captcha.csproj", "{7AEEB6CD-AF87-4FC8-8FF0-D27786F67860}"
EndProject
Project("{FAE04EC0-301F-11D3-BF4B-00C04F79EFBC}") = "PointYapisi", "PointYapisi\PointYapisi.csproj", "{92E57EDC-C185-4B2E-8DA1-6C077C0F1F1B}"
EndProject
Project("{FAE04EC0-301F-11D3-BF4B-00C04F79EFBC}") = "EnumYapisi", "EnumYapisi\EnumYapisi.csproj", "{5DD48506-F9B5-427E-AC51-33F41C4B42DE}"
EndProject
Project("{FAE04EC0-301F-11D3-BF4B-00C04F79EFBC}") = "MatematikFonksiyonlari", "MatematikFonksiyonlari\MatematikFonksiyonlari.csproj", "{D106B3D1-AE10-4936-BEDF-03C93951D980}"
EndProject
Project("{FAE04EC0-301F-11D3-BF4B-00C04F79EFBC}") = "DinamikAraclar", "DinamikAraclar\DinamikAraclar.csproj", "{5DD0C9E0-63FD-48FE-9524-5942F998550A}"
EndProject
Project("{2150E333-8FDC-42A3-9474-1A3956D46DE8}") = "VeriTabanıSQL", "VeriTabanıSQL", "{5C99EE80-952B-40CE-907E-8DD62655916C}"
EndProject
Project("{FAE04EC0-301F-11D3-BF4B-00C04F79EFBC}") = "Personel_Kayit", "Personel_Kayit\Personel_Kayit.csproj", "{6FC11D1B-7898-4C66-92DD-6F504BAA64D1}"
EndProject
Project("{FAE04EC0-301F-11D3-BF4B-00C04F79EFBC}") = "AileSql", "AileSql\AileSql.csproj", "{63781726-967B-4B18-96C1-BE07123DEAE9}"
EndProject
Project("{2150E333-8FDC-42A3-9474-1A3956D46DE8}") = "Dosya_Klasor", "Dosya_Klasor", "{0E03A646-1BB5-4C38-A72B-17A3B45F922D}"
EndProject
Project("{FAE04EC0-301F-11D3-BF4B-00C04F79EFBC}") = "Dosya_Klasor", "Dosya_Klasor\Dosya_Klasor.csproj", "{54C47E48-5686-4498-8262-8AEF8A4FB975}"
EndProject
Project("{FAE04EC0-301F-11D3-BF4B-00C04F79EFBC}") = "MetinBelgesi", "MetinBelgesi\MetinBelgesi.csproj", "{54FF8D21-59B7-4D62-AC6C-676643F93050}"
EndProject
Project("{FAE04EC0-301F-11D3-BF4B-00C04F79EFBC}") = "MetinBelgesiOkuma", "MetinBelgesiOkuma\MetinBelgesiOkuma.csproj", "{C0A10ADC-0448-42DE-8AE9-5D2C9389E374}"
EndProject
Project("{FAE04EC0-301F-11D3-BF4B-00C04F79EFBC}") = "DosyaİslemTekrar", "DosyaİslemTekrar\DosyaİslemTekrar.csproj", "{BC9D2782-21FC-4AF4-A1B7-A5D307D76418}"
EndProject
Project("{FAE04EC0-301F-11D3-BF4B-00C04F79EFBC}") = "BelgeyeVeriKaydet", "BelgeyeVeriKaydet\BelgeyeVeriKaydet.csproj", "{6713B7BD-63E6-4EAE-A23C-CF930B4ABAF0}"
EndProject
Project("{FAE04EC0-301F-11D3-BF4B-00C04F79EFBC}") = "Pdf", "Pdf\Pdf.csproj", "{425838DC-2CA1-4D58-B7EE-175E75726658}"
EndProject
Project("{FAE04EC0-301F-11D3-BF4B-00C04F79EFBC}") = "Proje_Hastane", "Proje_Hastane\Proje_Hastane.csproj", "{6D857A56-3E07-4E14-8C2A-F663EE90775B}"
EndProject
Project("{FAE04EC0-301F-11D3-BF4B-00C04F79EFBC}") = "KitaplikProjesi_Access", "KitaplikProjesi_Access\KitaplikProjesi_Access.csproj", "{223E9C09-B071-4168-AE27-B9031DE3FB52}"
EndProject
Project("{FAE04EC0-301F-11D3-BF4B-00C04F79EFBC}") = "HataKontrolleri", "HataKontrolleri\HataKontrolleri.csproj", "{0D8F0ED6-CFDD-45D3-BD2B-645F810E4C37}"
EndProject
Project("{FAE04EC0-301F-11D3-BF4B-00C04F79EFBC}") = "Entity_Proje", "Entity_Proje\Entity_Proje.csproj", "{F28A1BC2-D308-434B-8EC2-294D77F647A8}"
EndProject
Project("{2150E333-8FDC-42A3-9474-1A3956D46DE8}") = "NKatmanlıMimari", "NKatmanlıMimari", "{2431B359-EF93-428A-A432-6D53040DF34F}"
EndProject
Project("{FAE04EC0-301F-11D3-BF4B-00C04F79EFBC}") = "NKatmanlıMimari", "NKatmanlıMimari\NKatmanlıMimari.csproj", "{4CDEDC36-6C39-4042-AAAD-D1C7799659E1}"
EndProject
Project("{FAE04EC0-301F-11D3-BF4B-00C04F79EFBC}") = "EntityLayer", "EntityLayer\EntityLayer.csproj", "{9E53FD01-7991-4DA5-9277-9036D89B3563}"
EndProject
Project("{FAE04EC0-301F-11D3-BF4B-00C04F79EFBC}") = "DataAccessLayer", "DataAccessLayer\DataAccessLayer.csproj", "{2066B34C-3C22-409B-BF2D-04F76B3B8C97}"
EndProject
Project("{FAE04EC0-301F-11D3-BF4B-00C04F79EFBC}") = "LogicLayer", "LogicLayer\LogicLayer.csproj", "{4042809D-DD56-4378-B217-CA07E0C3FCB9}"
EndProject
Global
	GlobalSection(SolutionConfigurationPlatforms) = preSolution
		Debug|Any CPU = Debug|Any CPU
		Release|Any CPU = Release|Any CPU
	EndGlobalSection
	GlobalSection(ProjectConfigurationPlatforms) = postSolution
		{8239EA75-46B2-44F9-994A-E5BA86AD6448}.Debug|Any CPU.ActiveCfg = Debug|Any CPU
		{8239EA75-46B2-44F9-994A-E5BA86AD6448}.Debug|Any CPU.Build.0 = Debug|Any CPU
		{8239EA75-46B2-44F9-994A-E5BA86AD6448}.Release|Any CPU.ActiveCfg = Release|Any CPU
		{8239EA75-46B2-44F9-994A-E5BA86AD6448}.Release|Any CPU.Build.0 = Release|Any CPU
		{C40DDDA6-CD8B-4CC6-A66E-E330C1FD9D1A}.Debug|Any CPU.ActiveCfg = Debug|Any CPU
		{C40DDDA6-CD8B-4CC6-A66E-E330C1FD9D1A}.Debug|Any CPU.Build.0 = Debug|Any CPU
		{C40DDDA6-CD8B-4CC6-A66E-E330C1FD9D1A}.Release|Any CPU.ActiveCfg = Release|Any CPU
		{C40DDDA6-CD8B-4CC6-A66E-E330C1FD9D1A}.Release|Any CPU.Build.0 = Release|Any CPU
		{66876FD1-D56B-4129-91C4-9A9C85BE66F5}.Debug|Any CPU.ActiveCfg = Debug|Any CPU
		{66876FD1-D56B-4129-91C4-9A9C85BE66F5}.Debug|Any CPU.Build.0 = Debug|Any CPU
		{66876FD1-D56B-4129-91C4-9A9C85BE66F5}.Release|Any CPU.ActiveCfg = Release|Any CPU
		{66876FD1-D56B-4129-91C4-9A9C85BE66F5}.Release|Any CPU.Build.0 = Release|Any CPU
		{88E3FC53-05E4-4A32-919B-9835E1BF948E}.Debug|Any CPU.ActiveCfg = Debug|Any CPU
		{88E3FC53-05E4-4A32-919B-9835E1BF948E}.Debug|Any CPU.Build.0 = Debug|Any CPU
		{88E3FC53-05E4-4A32-919B-9835E1BF948E}.Release|Any CPU.ActiveCfg = Release|Any CPU
		{88E3FC53-05E4-4A32-919B-9835E1BF948E}.Release|Any CPU.Build.0 = Release|Any CPU
		{A7C7E006-FCF3-4934-9526-5E465CDA3C1D}.Debug|Any CPU.ActiveCfg = Debug|Any CPU
		{A7C7E006-FCF3-4934-9526-5E465CDA3C1D}.Debug|Any CPU.Build.0 = Debug|Any CPU
		{A7C7E006-FCF3-4934-9526-5E465CDA3C1D}.Release|Any CPU.ActiveCfg = Release|Any CPU
		{A7C7E006-FCF3-4934-9526-5E465CDA3C1D}.Release|Any CPU.Build.0 = Release|Any CPU
		{571983A5-E927-43C1-A498-C52CADACC74F}.Debug|Any CPU.ActiveCfg = Debug|Any CPU
		{571983A5-E927-43C1-A498-C52CADACC74F}.Debug|Any CPU.Build.0 = Debug|Any CPU
		{571983A5-E927-43C1-A498-C52CADACC74F}.Release|Any CPU.ActiveCfg = Release|Any CPU
		{571983A5-E927-43C1-A498-C52CADACC74F}.Release|Any CPU.Build.0 = Release|Any CPU
		{4743C035-D0B6-4D3E-9F3D-008DBC127273}.Debug|Any CPU.ActiveCfg = Debug|Any CPU
		{4743C035-D0B6-4D3E-9F3D-008DBC127273}.Debug|Any CPU.Build.0 = Debug|Any CPU
		{4743C035-D0B6-4D3E-9F3D-008DBC127273}.Release|Any CPU.ActiveCfg = Release|Any CPU
		{4743C035-D0B6-4D3E-9F3D-008DBC127273}.Release|Any CPU.Build.0 = Release|Any CPU
		{A8947190-6629-407A-A950-F4E9453BA30B}.Debug|Any CPU.ActiveCfg = Debug|Any CPU
		{A8947190-6629-407A-A950-F4E9453BA30B}.Debug|Any CPU.Build.0 = Debug|Any CPU
		{A8947190-6629-407A-A950-F4E9453BA30B}.Release|Any CPU.ActiveCfg = Release|Any CPU
		{A8947190-6629-407A-A950-F4E9453BA30B}.Release|Any CPU.Build.0 = Release|Any CPU
		{4F269416-7EEE-4D3E-9813-553D3A07164E}.Debug|Any CPU.ActiveCfg = Debug|Any CPU
		{4F269416-7EEE-4D3E-9813-553D3A07164E}.Debug|Any CPU.Build.0 = Debug|Any CPU
		{4F269416-7EEE-4D3E-9813-553D3A07164E}.Release|Any CPU.ActiveCfg = Release|Any CPU
		{4F269416-7EEE-4D3E-9813-553D3A07164E}.Release|Any CPU.Build.0 = Release|Any CPU
		{37D255D9-9F7A-4684-8763-AA1BD09EA1F9}.Debug|Any CPU.ActiveCfg = Debug|Any CPU
		{37D255D9-9F7A-4684-8763-AA1BD09EA1F9}.Debug|Any CPU.Build.0 = Debug|Any CPU
		{37D255D9-9F7A-4684-8763-AA1BD09EA1F9}.Release|Any CPU.ActiveCfg = Release|Any CPU
		{37D255D9-9F7A-4684-8763-AA1BD09EA1F9}.Release|Any CPU.Build.0 = Release|Any CPU
		{5D2BE765-F45F-4B3C-8D66-5DDDB96E971C}.Debug|Any CPU.ActiveCfg = Debug|Any CPU
		{5D2BE765-F45F-4B3C-8D66-5DDDB96E971C}.Debug|Any CPU.Build.0 = Debug|Any CPU
		{5D2BE765-F45F-4B3C-8D66-5DDDB96E971C}.Release|Any CPU.ActiveCfg = Release|Any CPU
		{5D2BE765-F45F-4B3C-8D66-5DDDB96E971C}.Release|Any CPU.Build.0 = Release|Any CPU
		{1A296067-049B-4179-92B7-EF1D4641D1E5}.Debug|Any CPU.ActiveCfg = Debug|Any CPU
		{1A296067-049B-4179-92B7-EF1D4641D1E5}.Debug|Any CPU.Build.0 = Debug|Any CPU
		{1A296067-049B-4179-92B7-EF1D4641D1E5}.Release|Any CPU.ActiveCfg = Release|Any CPU
		{1A296067-049B-4179-92B7-EF1D4641D1E5}.Release|Any CPU.Build.0 = Release|Any CPU
		{C833098C-6469-47A8-AC8C-302D55C06CFF}.Debug|Any CPU.ActiveCfg = Debug|Any CPU
		{C833098C-6469-47A8-AC8C-302D55C06CFF}.Debug|Any CPU.Build.0 = Debug|Any CPU
		{C833098C-6469-47A8-AC8C-302D55C06CFF}.Release|Any CPU.ActiveCfg = Release|Any CPU
		{C833098C-6469-47A8-AC8C-302D55C06CFF}.Release|Any CPU.Build.0 = Release|Any CPU
		{56B26FB6-40F0-4CC0-8C46-8E759C26FE42}.Debug|Any CPU.ActiveCfg = Debug|Any CPU
		{56B26FB6-40F0-4CC0-8C46-8E759C26FE42}.Debug|Any CPU.Build.0 = Debug|Any CPU
		{56B26FB6-40F0-4CC0-8C46-8E759C26FE42}.Release|Any CPU.ActiveCfg = Release|Any CPU
		{56B26FB6-40F0-4CC0-8C46-8E759C26FE42}.Release|Any CPU.Build.0 = Release|Any CPU
		{AC32B4CB-054C-49C7-8970-8BFD04429E41}.Debug|Any CPU.ActiveCfg = Debug|Any CPU
		{AC32B4CB-054C-49C7-8970-8BFD04429E41}.Debug|Any CPU.Build.0 = Debug|Any CPU
		{AC32B4CB-054C-49C7-8970-8BFD04429E41}.Release|Any CPU.ActiveCfg = Release|Any CPU
		{AC32B4CB-054C-49C7-8970-8BFD04429E41}.Release|Any CPU.Build.0 = Release|Any CPU
		{C75D5BE6-2C4B-43BB-A766-1E216F35C54C}.Debug|Any CPU.ActiveCfg = Debug|Any CPU
		{C75D5BE6-2C4B-43BB-A766-1E216F35C54C}.Debug|Any CPU.Build.0 = Debug|Any CPU
		{C75D5BE6-2C4B-43BB-A766-1E216F35C54C}.Release|Any CPU.ActiveCfg = Release|Any CPU
		{C75D5BE6-2C4B-43BB-A766-1E216F35C54C}.Release|Any CPU.Build.0 = Release|Any CPU
		{528AC379-673E-4BB9-8C87-48FC4C926C35}.Debug|Any CPU.ActiveCfg = Debug|Any CPU
		{528AC379-673E-4BB9-8C87-48FC4C926C35}.Debug|Any CPU.Build.0 = Debug|Any CPU
		{528AC379-673E-4BB9-8C87-48FC4C926C35}.Release|Any CPU.ActiveCfg = Release|Any CPU
		{528AC379-673E-4BB9-8C87-48FC4C926C35}.Release|Any CPU.Build.0 = Release|Any CPU
		{5F1CF9E0-29E2-4732-9831-1F17A837B3F4}.Debug|Any CPU.ActiveCfg = Debug|Any CPU
		{5F1CF9E0-29E2-4732-9831-1F17A837B3F4}.Debug|Any CPU.Build.0 = Debug|Any CPU
		{5F1CF9E0-29E2-4732-9831-1F17A837B3F4}.Release|Any CPU.ActiveCfg = Release|Any CPU
		{5F1CF9E0-29E2-4732-9831-1F17A837B3F4}.Release|Any CPU.Build.0 = Release|Any CPU
		{833B4283-CCBB-4A06-ACAC-18F1350A8791}.Debug|Any CPU.ActiveCfg = Debug|Any CPU
		{833B4283-CCBB-4A06-ACAC-18F1350A8791}.Debug|Any CPU.Build.0 = Debug|Any CPU
		{833B4283-CCBB-4A06-ACAC-18F1350A8791}.Release|Any CPU.ActiveCfg = Release|Any CPU
		{833B4283-CCBB-4A06-ACAC-18F1350A8791}.Release|Any CPU.Build.0 = Release|Any CPU
		{58A22BE5-DBAA-41E7-A39F-4B3781C60216}.Debug|Any CPU.ActiveCfg = Debug|Any CPU
		{58A22BE5-DBAA-41E7-A39F-4B3781C60216}.Debug|Any CPU.Build.0 = Debug|Any CPU
		{58A22BE5-DBAA-41E7-A39F-4B3781C60216}.Release|Any CPU.ActiveCfg = Release|Any CPU
		{58A22BE5-DBAA-41E7-A39F-4B3781C60216}.Release|Any CPU.Build.0 = Release|Any CPU
		{2FEC0D4C-CC67-4AE0-B30E-861B2F563669}.Debug|Any CPU.ActiveCfg = Debug|Any CPU
		{2FEC0D4C-CC67-4AE0-B30E-861B2F563669}.Debug|Any CPU.Build.0 = Debug|Any CPU
		{2FEC0D4C-CC67-4AE0-B30E-861B2F563669}.Release|Any CPU.ActiveCfg = Release|Any CPU
		{2FEC0D4C-CC67-4AE0-B30E-861B2F563669}.Release|Any CPU.Build.0 = Release|Any CPU
		{27D76A20-3A4A-47C1-8B1D-EB3FE4D9B0DE}.Debug|Any CPU.ActiveCfg = Debug|Any CPU
		{27D76A20-3A4A-47C1-8B1D-EB3FE4D9B0DE}.Debug|Any CPU.Build.0 = Debug|Any CPU
		{27D76A20-3A4A-47C1-8B1D-EB3FE4D9B0DE}.Release|Any CPU.ActiveCfg = Release|Any CPU
		{27D76A20-3A4A-47C1-8B1D-EB3FE4D9B0DE}.Release|Any CPU.Build.0 = Release|Any CPU
		{0F0A0B34-FFCA-4F13-ABDA-23B2E5342114}.Debug|Any CPU.ActiveCfg = Debug|Any CPU
		{0F0A0B34-FFCA-4F13-ABDA-23B2E5342114}.Debug|Any CPU.Build.0 = Debug|Any CPU
		{0F0A0B34-FFCA-4F13-ABDA-23B2E5342114}.Release|Any CPU.ActiveCfg = Release|Any CPU
		{0F0A0B34-FFCA-4F13-ABDA-23B2E5342114}.Release|Any CPU.Build.0 = Release|Any CPU
		{67111736-AFC0-4ED3-B9A7-FA5494387E88}.Debug|Any CPU.ActiveCfg = Debug|Any CPU
		{67111736-AFC0-4ED3-B9A7-FA5494387E88}.Debug|Any CPU.Build.0 = Debug|Any CPU
		{67111736-AFC0-4ED3-B9A7-FA5494387E88}.Release|Any CPU.ActiveCfg = Release|Any CPU
		{67111736-AFC0-4ED3-B9A7-FA5494387E88}.Release|Any CPU.Build.0 = Release|Any CPU
		{8267A7DD-938E-4002-881C-90C333E1F51D}.Debug|Any CPU.ActiveCfg = Debug|Any CPU
		{8267A7DD-938E-4002-881C-90C333E1F51D}.Debug|Any CPU.Build.0 = Debug|Any CPU
		{8267A7DD-938E-4002-881C-90C333E1F51D}.Release|Any CPU.ActiveCfg = Release|Any CPU
		{8267A7DD-938E-4002-881C-90C333E1F51D}.Release|Any CPU.Build.0 = Release|Any CPU
		{113D6E16-FB1E-4C65-9C3E-A8C95E1F2E78}.Debug|Any CPU.ActiveCfg = Debug|Any CPU
		{113D6E16-FB1E-4C65-9C3E-A8C95E1F2E78}.Debug|Any CPU.Build.0 = Debug|Any CPU
		{113D6E16-FB1E-4C65-9C3E-A8C95E1F2E78}.Release|Any CPU.ActiveCfg = Release|Any CPU
		{113D6E16-FB1E-4C65-9C3E-A8C95E1F2E78}.Release|Any CPU.Build.0 = Release|Any CPU
		{B2C261FC-E872-4BBF-AA42-70318221A279}.Debug|Any CPU.ActiveCfg = Debug|Any CPU
		{B2C261FC-E872-4BBF-AA42-70318221A279}.Debug|Any CPU.Build.0 = Debug|Any CPU
		{B2C261FC-E872-4BBF-AA42-70318221A279}.Release|Any CPU.ActiveCfg = Release|Any CPU
		{B2C261FC-E872-4BBF-AA42-70318221A279}.Release|Any CPU.Build.0 = Release|Any CPU
		{33CE5C50-97E2-461C-8383-9FA3A178906D}.Debug|Any CPU.ActiveCfg = Debug|Any CPU
		{33CE5C50-97E2-461C-8383-9FA3A178906D}.Debug|Any CPU.Build.0 = Debug|Any CPU
		{33CE5C50-97E2-461C-8383-9FA3A178906D}.Release|Any CPU.ActiveCfg = Release|Any CPU
		{33CE5C50-97E2-461C-8383-9FA3A178906D}.Release|Any CPU.Build.0 = Release|Any CPU
		{7AEEB6CD-AF87-4FC8-8FF0-D27786F67860}.Debug|Any CPU.ActiveCfg = Debug|Any CPU
		{7AEEB6CD-AF87-4FC8-8FF0-D27786F67860}.Debug|Any CPU.Build.0 = Debug|Any CPU
		{7AEEB6CD-AF87-4FC8-8FF0-D27786F67860}.Release|Any CPU.ActiveCfg = Release|Any CPU
		{7AEEB6CD-AF87-4FC8-8FF0-D27786F67860}.Release|Any CPU.Build.0 = Release|Any CPU
		{92E57EDC-C185-4B2E-8DA1-6C077C0F1F1B}.Debug|Any CPU.ActiveCfg = Debug|Any CPU
		{92E57EDC-C185-4B2E-8DA1-6C077C0F1F1B}.Debug|Any CPU.Build.0 = Debug|Any CPU
		{92E57EDC-C185-4B2E-8DA1-6C077C0F1F1B}.Release|Any CPU.ActiveCfg = Release|Any CPU
		{92E57EDC-C185-4B2E-8DA1-6C077C0F1F1B}.Release|Any CPU.Build.0 = Release|Any CPU
		{5DD48506-F9B5-427E-AC51-33F41C4B42DE}.Debug|Any CPU.ActiveCfg = Debug|Any CPU
		{5DD48506-F9B5-427E-AC51-33F41C4B42DE}.Debug|Any CPU.Build.0 = Debug|Any CPU
		{5DD48506-F9B5-427E-AC51-33F41C4B42DE}.Release|Any CPU.ActiveCfg = Release|Any CPU
		{5DD48506-F9B5-427E-AC51-33F41C4B42DE}.Release|Any CPU.Build.0 = Release|Any CPU
		{D106B3D1-AE10-4936-BEDF-03C93951D980}.Debug|Any CPU.ActiveCfg = Debug|Any CPU
		{D106B3D1-AE10-4936-BEDF-03C93951D980}.Debug|Any CPU.Build.0 = Debug|Any CPU
		{D106B3D1-AE10-4936-BEDF-03C93951D980}.Release|Any CPU.ActiveCfg = Release|Any CPU
		{D106B3D1-AE10-4936-BEDF-03C93951D980}.Release|Any CPU.Build.0 = Release|Any CPU
		{5DD0C9E0-63FD-48FE-9524-5942F998550A}.Debug|Any CPU.ActiveCfg = Debug|Any CPU
		{5DD0C9E0-63FD-48FE-9524-5942F998550A}.Debug|Any CPU.Build.0 = Debug|Any CPU
		{5DD0C9E0-63FD-48FE-9524-5942F998550A}.Release|Any CPU.ActiveCfg = Release|Any CPU
		{5DD0C9E0-63FD-48FE-9524-5942F998550A}.Release|Any CPU.Build.0 = Release|Any CPU
		{6FC11D1B-7898-4C66-92DD-6F504BAA64D1}.Debug|Any CPU.ActiveCfg = Debug|Any CPU
		{6FC11D1B-7898-4C66-92DD-6F504BAA64D1}.Debug|Any CPU.Build.0 = Debug|Any CPU
		{6FC11D1B-7898-4C66-92DD-6F504BAA64D1}.Release|Any CPU.ActiveCfg = Release|Any CPU
		{6FC11D1B-7898-4C66-92DD-6F504BAA64D1}.Release|Any CPU.Build.0 = Release|Any CPU
		{63781726-967B-4B18-96C1-BE07123DEAE9}.Debug|Any CPU.ActiveCfg = Debug|Any CPU
		{63781726-967B-4B18-96C1-BE07123DEAE9}.Debug|Any CPU.Build.0 = Debug|Any CPU
		{63781726-967B-4B18-96C1-BE07123DEAE9}.Release|Any CPU.ActiveCfg = Release|Any CPU
		{63781726-967B-4B18-96C1-BE07123DEAE9}.Release|Any CPU.Build.0 = Release|Any CPU
		{54C47E48-5686-4498-8262-8AEF8A4FB975}.Debug|Any CPU.ActiveCfg = Debug|Any CPU
		{54C47E48-5686-4498-8262-8AEF8A4FB975}.Debug|Any CPU.Build.0 = Debug|Any CPU
		{54C47E48-5686-4498-8262-8AEF8A4FB975}.Release|Any CPU.ActiveCfg = Release|Any CPU
		{54C47E48-5686-4498-8262-8AEF8A4FB975}.Release|Any CPU.Build.0 = Release|Any CPU
		{54FF8D21-59B7-4D62-AC6C-676643F93050}.Debug|Any CPU.ActiveCfg = Debug|Any CPU
		{54FF8D21-59B7-4D62-AC6C-676643F93050}.Debug|Any CPU.Build.0 = Debug|Any CPU
		{54FF8D21-59B7-4D62-AC6C-676643F93050}.Release|Any CPU.ActiveCfg = Release|Any CPU
		{54FF8D21-59B7-4D62-AC6C-676643F93050}.Release|Any CPU.Build.0 = Release|Any CPU
		{C0A10ADC-0448-42DE-8AE9-5D2C9389E374}.Debug|Any CPU.ActiveCfg = Debug|Any CPU
		{C0A10ADC-0448-42DE-8AE9-5D2C9389E374}.Debug|Any CPU.Build.0 = Debug|Any CPU
		{C0A10ADC-0448-42DE-8AE9-5D2C9389E374}.Release|Any CPU.ActiveCfg = Release|Any CPU
		{C0A10ADC-0448-42DE-8AE9-5D2C9389E374}.Release|Any CPU.Build.0 = Release|Any CPU
		{BC9D2782-21FC-4AF4-A1B7-A5D307D76418}.Debug|Any CPU.ActiveCfg = Debug|Any CPU
		{BC9D2782-21FC-4AF4-A1B7-A5D307D76418}.Debug|Any CPU.Build.0 = Debug|Any CPU
		{BC9D2782-21FC-4AF4-A1B7-A5D307D76418}.Release|Any CPU.ActiveCfg = Release|Any CPU
		{BC9D2782-21FC-4AF4-A1B7-A5D307D76418}.Release|Any CPU.Build.0 = Release|Any CPU
		{6713B7BD-63E6-4EAE-A23C-CF930B4ABAF0}.Debug|Any CPU.ActiveCfg = Debug|Any CPU
		{6713B7BD-63E6-4EAE-A23C-CF930B4ABAF0}.Debug|Any CPU.Build.0 = Debug|Any CPU
		{6713B7BD-63E6-4EAE-A23C-CF930B4ABAF0}.Release|Any CPU.ActiveCfg = Release|Any CPU
		{6713B7BD-63E6-4EAE-A23C-CF930B4ABAF0}.Release|Any CPU.Build.0 = Release|Any CPU
		{425838DC-2CA1-4D58-B7EE-175E75726658}.Debug|Any CPU.ActiveCfg = Debug|Any CPU
		{425838DC-2CA1-4D58-B7EE-175E75726658}.Debug|Any CPU.Build.0 = Debug|Any CPU
		{425838DC-2CA1-4D58-B7EE-175E75726658}.Release|Any CPU.ActiveCfg = Release|Any CPU
		{425838DC-2CA1-4D58-B7EE-175E75726658}.Release|Any CPU.Build.0 = Release|Any CPU
		{6D857A56-3E07-4E14-8C2A-F663EE90775B}.Debug|Any CPU.ActiveCfg = Debug|Any CPU
		{6D857A56-3E07-4E14-8C2A-F663EE90775B}.Debug|Any CPU.Build.0 = Debug|Any CPU
		{6D857A56-3E07-4E14-8C2A-F663EE90775B}.Release|Any CPU.ActiveCfg = Release|Any CPU
		{6D857A56-3E07-4E14-8C2A-F663EE90775B}.Release|Any CPU.Build.0 = Release|Any CPU
		{223E9C09-B071-4168-AE27-B9031DE3FB52}.Debug|Any CPU.ActiveCfg = Debug|Any CPU
		{223E9C09-B071-4168-AE27-B9031DE3FB52}.Debug|Any CPU.Build.0 = Debug|Any CPU
		{223E9C09-B071-4168-AE27-B9031DE3FB52}.Release|Any CPU.ActiveCfg = Release|Any CPU
		{223E9C09-B071-4168-AE27-B9031DE3FB52}.Release|Any CPU.Build.0 = Release|Any CPU
		{0D8F0ED6-CFDD-45D3-BD2B-645F810E4C37}.Debug|Any CPU.ActiveCfg = Debug|Any CPU
		{0D8F0ED6-CFDD-45D3-BD2B-645F810E4C37}.Debug|Any CPU.Build.0 = Debug|Any CPU
		{0D8F0ED6-CFDD-45D3-BD2B-645F810E4C37}.Release|Any CPU.ActiveCfg = Release|Any CPU
		{0D8F0ED6-CFDD-45D3-BD2B-645F810E4C37}.Release|Any CPU.Build.0 = Release|Any CPU
		{F28A1BC2-D308-434B-8EC2-294D77F647A8}.Debug|Any CPU.ActiveCfg = Debug|Any CPU
		{F28A1BC2-D308-434B-8EC2-294D77F647A8}.Debug|Any CPU.Build.0 = Debug|Any CPU
		{F28A1BC2-D308-434B-8EC2-294D77F647A8}.Release|Any CPU.ActiveCfg = Release|Any CPU
		{F28A1BC2-D308-434B-8EC2-294D77F647A8}.Release|Any CPU.Build.0 = Release|Any CPU
		{4CDEDC36-6C39-4042-AAAD-D1C7799659E1}.Debug|Any CPU.ActiveCfg = Debug|Any CPU
		{4CDEDC36-6C39-4042-AAAD-D1C7799659E1}.Debug|Any CPU.Build.0 = Debug|Any CPU
		{4CDEDC36-6C39-4042-AAAD-D1C7799659E1}.Release|Any CPU.ActiveCfg = Release|Any CPU
		{4CDEDC36-6C39-4042-AAAD-D1C7799659E1}.Release|Any CPU.Build.0 = Release|Any CPU
		{9E53FD01-7991-4DA5-9277-9036D89B3563}.Debug|Any CPU.ActiveCfg = Debug|Any CPU
		{9E53FD01-7991-4DA5-9277-9036D89B3563}.Debug|Any CPU.Build.0 = Debug|Any CPU
		{9E53FD01-7991-4DA5-9277-9036D89B3563}.Release|Any CPU.ActiveCfg = Release|Any CPU
		{9E53FD01-7991-4DA5-9277-9036D89B3563}.Release|Any CPU.Build.0 = Release|Any CPU
		{2066B34C-3C22-409B-BF2D-04F76B3B8C97}.Debug|Any CPU.ActiveCfg = Debug|Any CPU
		{2066B34C-3C22-409B-BF2D-04F76B3B8C97}.Debug|Any CPU.Build.0 = Debug|Any CPU
		{2066B34C-3C22-409B-BF2D-04F76B3B8C97}.Release|Any CPU.ActiveCfg = Release|Any CPU
		{2066B34C-3C22-409B-BF2D-04F76B3B8C97}.Release|Any CPU.Build.0 = Release|Any CPU
		{4042809D-DD56-4378-B217-CA07E0C3FCB9}.Debug|Any CPU.ActiveCfg = Debug|Any CPU
		{4042809D-DD56-4378-B217-CA07E0C3FCB9}.Debug|Any CPU.Build.0 = Debug|Any CPU
		{4042809D-DD56-4378-B217-CA07E0C3FCB9}.Release|Any CPU.ActiveCfg = Release|Any CPU
		{4042809D-DD56-4378-B217-CA07E0C3FCB9}.Release|Any CPU.Build.0 = Release|Any CPU
	EndGlobalSection
	GlobalSection(SolutionProperties) = preSolution
		HideSolutionNode = FALSE
	EndGlobalSection
	GlobalSection(NestedProjects) = preSolution
		{8239EA75-46B2-44F9-994A-E5BA86AD6448} = {6525717E-707D-4568-B881-2F03FCBC5BA2}
		{C40DDDA6-CD8B-4CC6-A66E-E330C1FD9D1A} = {5E8D91A4-E502-452D-8FDB-90A5D6033B6A}
		{66876FD1-D56B-4129-91C4-9A9C85BE66F5} = {05A8E2CD-755B-42DE-8993-01FBC8C790E8}
		{88E3FC53-05E4-4A32-919B-9835E1BF948E} = {6525717E-707D-4568-B881-2F03FCBC5BA2}
		{A7C7E006-FCF3-4934-9526-5E465CDA3C1D} = {6525717E-707D-4568-B881-2F03FCBC5BA2}
		{571983A5-E927-43C1-A498-C52CADACC74F} = {927AAD8E-426C-439C-B51A-5431A8482256}
		{4743C035-D0B6-4D3E-9F3D-008DBC127273} = {927AAD8E-426C-439C-B51A-5431A8482256}
		{A8947190-6629-407A-A950-F4E9453BA30B} = {927AAD8E-426C-439C-B51A-5431A8482256}
		{4F269416-7EEE-4D3E-9813-553D3A07164E} = {927AAD8E-426C-439C-B51A-5431A8482256}
		{37D255D9-9F7A-4684-8763-AA1BD09EA1F9} = {927AAD8E-426C-439C-B51A-5431A8482256}
		{5D2BE765-F45F-4B3C-8D66-5DDDB96E971C} = {927AAD8E-426C-439C-B51A-5431A8482256}
		{1A296067-049B-4179-92B7-EF1D4641D1E5} = {927AAD8E-426C-439C-B51A-5431A8482256}
		{C833098C-6469-47A8-AC8C-302D55C06CFF} = {927AAD8E-426C-439C-B51A-5431A8482256}
		{56B26FB6-40F0-4CC0-8C46-8E759C26FE42} = {927AAD8E-426C-439C-B51A-5431A8482256}
		{AC32B4CB-054C-49C7-8970-8BFD04429E41} = {927AAD8E-426C-439C-B51A-5431A8482256}
		{C75D5BE6-2C4B-43BB-A766-1E216F35C54C} = {A403024E-5FAE-433C-8BCC-A498403D0FDC}
		{528AC379-673E-4BB9-8C87-48FC4C926C35} = {A403024E-5FAE-433C-8BCC-A498403D0FDC}
		{5F1CF9E0-29E2-4732-9831-1F17A837B3F4} = {A403024E-5FAE-433C-8BCC-A498403D0FDC}
		{833B4283-CCBB-4A06-ACAC-18F1350A8791} = {E9D6E1B9-3787-4715-9A45-3475280F5D35}
		{58A22BE5-DBAA-41E7-A39F-4B3781C60216} = {E9D6E1B9-3787-4715-9A45-3475280F5D35}
		{2FEC0D4C-CC67-4AE0-B30E-861B2F563669} = {6525717E-707D-4568-B881-2F03FCBC5BA2}
		{27D76A20-3A4A-47C1-8B1D-EB3FE4D9B0DE} = {62BAAB93-1F6C-48C6-B59A-8990B1A2D41A}
		{0F0A0B34-FFCA-4F13-ABDA-23B2E5342114} = {62BAAB93-1F6C-48C6-B59A-8990B1A2D41A}
		{67111736-AFC0-4ED3-B9A7-FA5494387E88} = {BCDD5FF4-0B5B-4FB2-B6C5-23ED73913450}
		{8267A7DD-938E-4002-881C-90C333E1F51D} = {BCDD5FF4-0B5B-4FB2-B6C5-23ED73913450}
		{113D6E16-FB1E-4C65-9C3E-A8C95E1F2E78} = {BCDD5FF4-0B5B-4FB2-B6C5-23ED73913450}
		{B2C261FC-E872-4BBF-AA42-70318221A279} = {958AE895-AC6E-4B52-82F5-65EAB36C83D3}
		{33CE5C50-97E2-461C-8383-9FA3A178906D} = {958AE895-AC6E-4B52-82F5-65EAB36C83D3}
		{7AEEB6CD-AF87-4FC8-8FF0-D27786F67860} = {958AE895-AC6E-4B52-82F5-65EAB36C83D3}
		{92E57EDC-C185-4B2E-8DA1-6C077C0F1F1B} = {958AE895-AC6E-4B52-82F5-65EAB36C83D3}
		{5DD48506-F9B5-427E-AC51-33F41C4B42DE} = {958AE895-AC6E-4B52-82F5-65EAB36C83D3}
		{D106B3D1-AE10-4936-BEDF-03C93951D980} = {958AE895-AC6E-4B52-82F5-65EAB36C83D3}
		{5DD0C9E0-63FD-48FE-9524-5942F998550A} = {958AE895-AC6E-4B52-82F5-65EAB36C83D3}
		{6FC11D1B-7898-4C66-92DD-6F504BAA64D1} = {5C99EE80-952B-40CE-907E-8DD62655916C}
		{63781726-967B-4B18-96C1-BE07123DEAE9} = {5C99EE80-952B-40CE-907E-8DD62655916C}
		{54C47E48-5686-4498-8262-8AEF8A4FB975} = {0E03A646-1BB5-4C38-A72B-17A3B45F922D}
		{54FF8D21-59B7-4D62-AC6C-676643F93050} = {0E03A646-1BB5-4C38-A72B-17A3B45F922D}
		{C0A10ADC-0448-42DE-8AE9-5D2C9389E374} = {0E03A646-1BB5-4C38-A72B-17A3B45F922D}
		{BC9D2782-21FC-4AF4-A1B7-A5D307D76418} = {0E03A646-1BB5-4C38-A72B-17A3B45F922D}
		{6713B7BD-63E6-4EAE-A23C-CF930B4ABAF0} = {0E03A646-1BB5-4C38-A72B-17A3B45F922D}
		{425838DC-2CA1-4D58-B7EE-175E75726658} = {0E03A646-1BB5-4C38-A72B-17A3B45F922D}
		{4CDEDC36-6C39-4042-AAAD-D1C7799659E1} = {2431B359-EF93-428A-A432-6D53040DF34F}
		{9E53FD01-7991-4DA5-9277-9036D89B3563} = {2431B359-EF93-428A-A432-6D53040DF34F}
		{2066B34C-3C22-409B-BF2D-04F76B3B8C97} = {2431B359-EF93-428A-A432-6D53040DF34F}
		{4042809D-DD56-4378-B217-CA07E0C3FCB9} = {2431B359-EF93-428A-A432-6D53040DF34F}
	EndGlobalSection
	GlobalSection(ExtensibilityGlobals) = postSolution
		SolutionGuid = {84E87C71-AA4F-44D5-A8C5-E18BCC4B3BC5}
	EndGlobalSection
EndGlobal
